
Microsoft Visual Studio Solution File, Format Version 12.00
# Visual Studio Version 17
VisualStudioVersion = 17.3.32929.385
MinimumVisualStudioVersion = 10.0.40219.1
Project("{D954291E-2A0B-460D-934E-DC6B0785DB48}") = "nnCitiesShared", "nnCitiesShared.shproj", "{FFDF7CF3-65EB-4943-AF51-C4ED60B5DA62}"
EndProject
Project("{9A19103F-16F7-4668-BE54-9A1E7A4F7556}") = "nnCitiesShared_", "nnCitiesShared_.csproj", "{27F38D7F-9DB1-42D9-840D-846FF522B4E8}"
EndProject
Global
	GlobalSection(SolutionConfigurationPlatforms) = preSolution
		Debug|Any CPU = Debug|Any CPU
	EndGlobalSection
	GlobalSection(ProjectConfigurationPlatforms) = postSolution
		{27F38D7F-9DB1-42D9-840D-846FF522B4E8}.Debug|Any CPU.ActiveCfg = Debug|Any CPU
		{27F38D7F-9DB1-42D9-840D-846FF522B4E8}.Debug|Any CPU.Build.0 = Debug|Any CPU
	EndGlobalSection
	GlobalSection(SolutionProperties) = preSolution
		HideSolutionNode = FALSE
	EndGlobalSection
	GlobalSection(ExtensibilityGlobals) = postSolution
		SolutionGuid = {A7224426-8DD2-49A6-B017-F9648D887070}
	EndGlobalSection
	GlobalSection(SharedMSBuildProjectFiles) = preSolution
		nnCitiesShared.projitems*{ffdf7cf3-65eb-4943-af51-c4ed60b5da62}*SharedItemsImports = 13
	EndGlobalSection
EndGlobal
